
Microsoft Visual Studio Solution File, Format Version 12.00
# Visual Studio 2012
Project("{FAE04EC0-301F-11D3-BF4B-00C04F79EFBC}") = "SSW.Training.WebUI", "SSW.Training.WebUI\SSW.Training.WebUI.csproj", "{903A8086-6D1C-49BD-B2AE-F97E13DF2D1A}"
EndProject
Project("{FAE04EC0-301F-11D3-BF4B-00C04F79EFBC}") = "SSW.Training.WebUI.Tests", "SSW.Training.WebUI.Tests\SSW.Training.WebUI.Tests.csproj", "{56413D0A-E7F0-4A8C-830F-3367CD507343}"
EndProject
Project("{2150E333-8FDC-42A3-9474-1A3956D46DE8}") = "Solution Items", "Solution Items", "{ED37C688-2FB9-4723-A04D-9F48741A55FA}"
	ProjectSection(SolutionItems) = preProject
		Solution Items\Instructions.docx = Solution Items\Instructions.docx
	EndProjectSection
EndProject
Global
	GlobalSection(SolutionConfigurationPlatforms) = preSolution
		Debug|Any CPU = Debug|Any CPU
		Release|Any CPU = Release|Any CPU
	EndGlobalSection
	GlobalSection(ProjectConfigurationPlatforms) = postSolution
		{903A8086-6D1C-49BD-B2AE-F97E13DF2D1A}.Debug|Any CPU.ActiveCfg = Debug|Any CPU
		{903A8086-6D1C-49BD-B2AE-F97E13DF2D1A}.Debug|Any CPU.Build.0 = Debug|Any CPU
		{903A8086-6D1C-49BD-B2AE-F97E13DF2D1A}.Release|Any CPU.ActiveCfg = Release|Any CPU
		{903A8086-6D1C-49BD-B2AE-F97E13DF2D1A}.Release|Any CPU.Build.0 = Release|Any CPU
		{56413D0A-E7F0-4A8C-830F-3367CD507343}.Debug|Any CPU.ActiveCfg = Debug|Any CPU
		{56413D0A-E7F0-4A8C-830F-3367CD507343}.Debug|Any CPU.Build.0 = Debug|Any CPU
		{56413D0A-E7F0-4A8C-830F-3367CD507343}.Release|Any CPU.ActiveCfg = Release|Any CPU
		{56413D0A-E7F0-4A8C-830F-3367CD507343}.Release|Any CPU.Build.0 = Release|Any CPU
	EndGlobalSection
	GlobalSection(SolutionProperties) = preSolution
		HideSolutionNode = FALSE
	EndGlobalSection
EndGlobal
