
Microsoft Visual Studio Solution File, Format Version 12.00
# Visual Studio 2012
Project("{FAE04EC0-301F-11D3-BF4B-00C04F79EFBC}") = "SSW.Training.WebUI", "SSW.Training.WebUI\SSW.Training.WebUI.csproj", "{1E9264E4-300A-4D79-BFCD-97881CD9DA4B}"
EndProject
Global
	GlobalSection(SolutionConfigurationPlatforms) = preSolution
		Debug|Any CPU = Debug|Any CPU
		Release|Any CPU = Release|Any CPU
	EndGlobalSection
	GlobalSection(ProjectConfigurationPlatforms) = postSolution
		{1E9264E4-300A-4D79-BFCD-97881CD9DA4B}.Debug|Any CPU.ActiveCfg = Debug|Any CPU
		{1E9264E4-300A-4D79-BFCD-97881CD9DA4B}.Debug|Any CPU.Build.0 = Debug|Any CPU
		{1E9264E4-300A-4D79-BFCD-97881CD9DA4B}.Release|Any CPU.ActiveCfg = Release|Any CPU
		{1E9264E4-300A-4D79-BFCD-97881CD9DA4B}.Release|Any CPU.Build.0 = Release|Any CPU
	EndGlobalSection
	GlobalSection(SolutionProperties) = preSolution
		HideSolutionNode = FALSE
	EndGlobalSection
EndGlobal
