
Microsoft Visual Studio Solution File, Format Version 12.00
# Visual Studio 2012
Project("{FAE04EC0-301F-11D3-BF4B-00C04F79EFBC}") = "WindowsUI", "WindowsUI\WindowsUI.csproj", "{6AC3A179-F624-46CE-A59B-712342DA51FB}"
EndProject
Project("{FAE04EC0-301F-11D3-BF4B-00C04F79EFBC}") = "DataAccess", "DataAccess\DataAccess.csproj", "{02A30398-FFBF-40C0-ADBC-79781D6E33E9}"
EndProject
Global
	GlobalSection(SolutionConfigurationPlatforms) = preSolution
		Debug|Any CPU = Debug|Any CPU
		Release|Any CPU = Release|Any CPU
	EndGlobalSection
	GlobalSection(ProjectConfigurationPlatforms) = postSolution
		{6AC3A179-F624-46CE-A59B-712342DA51FB}.Debug|Any CPU.ActiveCfg = Debug|Any CPU
		{6AC3A179-F624-46CE-A59B-712342DA51FB}.Debug|Any CPU.Build.0 = Debug|Any CPU
		{6AC3A179-F624-46CE-A59B-712342DA51FB}.Release|Any CPU.ActiveCfg = Release|Any CPU
		{6AC3A179-F624-46CE-A59B-712342DA51FB}.Release|Any CPU.Build.0 = Release|Any CPU
		{02A30398-FFBF-40C0-ADBC-79781D6E33E9}.Debug|Any CPU.ActiveCfg = Debug|Any CPU
		{02A30398-FFBF-40C0-ADBC-79781D6E33E9}.Debug|Any CPU.Build.0 = Debug|Any CPU
		{02A30398-FFBF-40C0-ADBC-79781D6E33E9}.Release|Any CPU.ActiveCfg = Release|Any CPU
		{02A30398-FFBF-40C0-ADBC-79781D6E33E9}.Release|Any CPU.Build.0 = Release|Any CPU
	EndGlobalSection
	GlobalSection(SolutionProperties) = preSolution
		HideSolutionNode = FALSE
	EndGlobalSection
EndGlobal
