
Microsoft Visual Studio Solution File, Format Version 12.00
# Visual Studio 2012
Project("{FAE04EC0-301F-11D3-BF4B-00C04F79EFBC}") = "SSW.Training.Business.Tests.Unit", "SSW.Training.Business.Tests.Unit\SSW.Training.Business.Tests.Unit.csproj", "{92C720A5-027A-40C2-81CC-8B52934589A7}"
EndProject
Global
	GlobalSection(SolutionConfigurationPlatforms) = preSolution
		Debug|Any CPU = Debug|Any CPU
		Release|Any CPU = Release|Any CPU
	EndGlobalSection
	GlobalSection(ProjectConfigurationPlatforms) = postSolution
		{92C720A5-027A-40C2-81CC-8B52934589A7}.Debug|Any CPU.ActiveCfg = Debug|Any CPU
		{92C720A5-027A-40C2-81CC-8B52934589A7}.Debug|Any CPU.Build.0 = Debug|Any CPU
		{92C720A5-027A-40C2-81CC-8B52934589A7}.Release|Any CPU.ActiveCfg = Release|Any CPU
		{92C720A5-027A-40C2-81CC-8B52934589A7}.Release|Any CPU.Build.0 = Release|Any CPU
	EndGlobalSection
	GlobalSection(SolutionProperties) = preSolution
		HideSolutionNode = FALSE
	EndGlobalSection
EndGlobal
